lockfile_version = 1
created_at = "2026-06-10"
owner = "research_x"
purpose = "Lock repo-local Skills and third-party source candidates before any install or enable step."
generated_from = [
  "C:/Users/maasa/.codex/foundation/project_reviews/research_x-codex-inbox-inventory-20260610.md",
  "_codex_inbox/extracted/design_package/codex_design_package_20260609_1826/07_skill_registry_and_installation_policy.md",
  "_codex_inbox/extracted/design_package/codex_design_package_20260609_1826/source_inventory.json",
  "_codex_inbox/extracted/20260611_addendum/design_package/20260611_complete_design_package/03_DECISION_LOCK.md",
  "_codex_inbox/extracted/20260611_addendum/design_package/20260611_complete_design_package/research_x/08_research_x_manifest_docs_tests.md",
]

[policy]
default_external_enabled = false
require_commit_pin_for_external_enabled = true
require_human_review_for_external_enabled = true
require_negative_trigger_tests_for_external_enabled = true
connector_global_enabled_allowed = false
provider_quota_calls_allowed = false
bulk_install_allowed = false
auto_merge_guidance_allowed = false
repo_skills_path = ".agents/skills"

[[entries]]
name = "research-x-decision-loop"
entry_type = "repo_skill"
source = ".agents/skills/research-x-decision-loop/SKILL.md"
source_ref = "repo"
scope = "project_research_x"
decision = "enabled_repo_local"
enabled = true
implicit_invocation = true
review_status = "repo_owned"
risk = "low"
allowed_scripts = "repo_policy"
commit = ""
negative_trigger_tests = "repo_policy"
notes = "Existing repo skill for research/review/audit loops."

[[entries]]
name = "research-x-doc-governance"
entry_type = "repo_skill"
source = ".agents/skills/research-x-doc-governance/SKILL.md"
source_ref = "repo"
scope = "project_research_x"
decision = "enabled_repo_local"
enabled = true
implicit_invocation = true
review_status = "repo_owned"
risk = "low"
allowed_scripts = "repo_policy"
commit = ""
negative_trigger_tests = "repo_policy"
notes = "Existing repo skill for Markdown placement and archive drift control."

[[entries]]
name = "research-x-memory-workflow"
entry_type = "repo_skill"
source = ".agents/skills/research-x-memory-workflow/SKILL.md"
source_ref = "repo"
scope = "project_research_x"
decision = "enabled_repo_local"
enabled = true
implicit_invocation = true
review_status = "repo_owned"
risk = "low"
allowed_scripts = "repo_policy"
commit = ""
negative_trigger_tests = "repo_policy"
notes = "Existing repo skill for memory-search implementation invariants."

[[entries]]
name = "research-x-observability-review"
entry_type = "repo_skill"
source = ".agents/skills/research-x-observability-review/SKILL.md"
source_ref = "repo"
scope = "project_research_x"
decision = "enabled_repo_local"
enabled = true
implicit_invocation = true
review_status = "repo_owned"
risk = "low"
allowed_scripts = "repo_policy"
commit = ""
negative_trigger_tests = "repo_policy"
notes = "Existing repo skill for app/CLI/workflow trace visibility."

[[entries]]
name = "research-x-provider-gate"
entry_type = "repo_skill"
source = ".agents/skills/research-x-provider-gate/SKILL.md"
source_ref = "repo"
scope = "project_research_x"
decision = "enabled_repo_local"
enabled = true
implicit_invocation = true
review_status = "repo_owned"
risk = "low"
allowed_scripts = "repo_policy"
commit = ""
negative_trigger_tests = "repo_policy"
notes = "Existing repo skill for no-quota and provider-facing lane checks."

[[entries]]
name = "research-x-research-intake"
entry_type = "repo_skill"
source = ".agents/skills/research-x-research-intake/SKILL.md"
source_ref = "repo"
scope = "project_research_x"
decision = "enabled_repo_local"
enabled = true
implicit_invocation = true
review_status = "repo_owned"
risk = "low"
allowed_scripts = "repo_policy"
commit = ""
negative_trigger_tests = "repo_policy"
notes = "Repo skill for source candidate classification, provenance, risk flags, and source-bundle intake handoff."

[[entries]]
name = "research-x-context-budget"
entry_type = "repo_skill"
source = ".agents/skills/research-x-context-budget/SKILL.md"
source_ref = "repo"
scope = "project_research_x"
decision = "enabled_repo_local"
enabled = true
implicit_invocation = true
review_status = "repo_owned"
risk = "low"
allowed_scripts = "repo_policy"
commit = ""
negative_trigger_tests = "repo_policy"
notes = "Repo skill for context packs, offload, compression decisions, and evidence-preserving budget handoff."

[[entries]]
name = "research-x-prompt-contract"
entry_type = "repo_skill"
source = ".agents/skills/research-x-prompt-contract/SKILL.md"
source_ref = "repo"
scope = "project_research_x"
decision = "enabled_repo_local"
enabled = true
implicit_invocation = true
review_status = "repo_owned"
risk = "low"
allowed_scripts = "repo_policy"
commit = ""
negative_trigger_tests = "repo_policy"
notes = "Repo skill for prompt contracts, schema/status behavior, allowed/forbidden tools, and prompt regression cases."

[[entries]]
name = "research-x-implementation-plan-flow"
entry_type = "repo_skill"
source = ".agents/skills/research-x-implementation-plan-flow/SKILL.md"
source_ref = "repo"
scope = "project_research_x"
decision = "enabled_repo_local"
enabled = true
implicit_invocation = true
review_status = "repo_owned"
risk = "low"
allowed_scripts = "repo_policy"
commit = ""
negative_trigger_tests = "repo_policy"
notes = "Repo skill for converting GPT/X/source-candidate reviews into gated local-first implementation priority flows."

[[entries]]
name = "superpowers"
entry_type = "third_party_skill_candidate"
source = "https://github.com/obra/superpowers"
source_ref = "S11"
scope = "global_optional"
decision = "review_then_optional"
enabled = false
implicit_invocation = false
review_status = "pinned_license_checked"
risk = "medium"
allowed_scripts = "disabled"
commit = "f2cbfbefebbfef77321e4c9abc9e949826bea9d7"
negative_trigger_tests = "required_before_enable"
notes = "MIT license and v5.1.0 peeled commit checked 2026-06-12; still disabled. Full source/script/hook audit and negative trigger tests required before enablement."

[[entries]]
name = "superclaude-framework"
entry_type = "reference_source"
source = "https://github.com/SuperClaude-Org/SuperClaude_Framework"
source_ref = "S12"
scope = "reference_only"
decision = "reference_only_for_codex"
enabled = false
implicit_invocation = false
review_status = "reference_only"
risk = "medium"
allowed_scripts = "disabled"
commit = "TBD_PINNED_COMMIT"
negative_trigger_tests = "not_applicable"
notes = "Claude-specific framework; structure reference only."

[[entries]]
name = "minimax-skills"
entry_type = "third_party_skill_candidate"
source = "https://github.com/MiniMax-AI/skills"
source_ref = "S13"
scope = "stack_specific_optional"
decision = "optional_per_stack"
enabled = false
implicit_invocation = false
review_status = "unreviewed"
risk = "medium"
allowed_scripts = "disabled"
commit = "TBD_PINNED_COMMIT"
negative_trigger_tests = "required_before_enable"
notes = "Frontend/fullstack/mobile/docs templates; not a research_x default."

[[entries]]
name = "anthropic-official-skills"
entry_type = "reference_source"
source = "https://github.com/anthropics/skills"
source_ref = "S14"
scope = "format_reference"
decision = "format_reference_only"
enabled = false
implicit_invocation = false
review_status = "reference_only"
risk = "low"
allowed_scripts = "disabled"
commit = "TBD_PINNED_COMMIT"
negative_trigger_tests = "not_applicable"
notes = "SKILL.md packaging reference; OpenAI Codex docs stay authoritative for Codex behavior."

[[entries]]
name = "vercel-agent-skills"
entry_type = "third_party_skill_candidate"
source = "https://github.com/vercel-labs/agent-skills"
source_ref = "S15"
scope = "stack_specific_optional"
decision = "frontend_optional_only"
enabled = false
implicit_invocation = false
review_status = "unreviewed"
risk = "medium"
allowed_scripts = "disabled"
commit = "TBD_PINNED_COMMIT"
negative_trigger_tests = "required_before_enable"
notes = "React/performance/accessibility candidate only for frontend-heavy projects."

[[entries]]
name = "planning-with-files"
entry_type = "third_party_skill_candidate"
source = "https://github.com/OthmanAdi/planning-with-files"
source_ref = "S16"
scope = "global_optional"
decision = "adapt_not_duplicate"
enabled = false
implicit_invocation = false
review_status = "unreviewed"
risk = "low"
allowed_scripts = "disabled"
commit = "TBD_PINNED_COMMIT"
negative_trigger_tests = "required_before_enable"
notes = "research_x already has PROJECT/docs/traces; avoid duplicate trackers."

[[entries]]
name = "context-engineering-skills"
entry_type = "third_party_skill_candidate"
source = "https://github.com/muratcankoylan/Agent-Skills-for-Context-Engineering"
source_ref = "S17"
scope = "global_optional"
decision = "reference_or_adapt"
enabled = false
implicit_invocation = false
review_status = "unreviewed"
risk = "medium"
allowed_scripts = "disabled"
commit = "TBD_PINNED_COMMIT"
negative_trigger_tests = "required_before_enable"
notes = "Context-boundary reference; pin and review before any adaptation."

[[entries]]
name = "composio-skills"
entry_type = "connector_candidate"
source = "https://github.com/ComposioHQ/skills"
source_ref = "S18"
scope = "connector_projects_only"
decision = "do_not_global_install"
enabled = false
implicit_invocation = false
review_status = "blocked_pending_security_review"
risk = "high"
allowed_scripts = "disabled"
commit = "TBD_PINNED_COMMIT"
negative_trigger_tests = "required_before_enable"
notes = "External service credential aggregation risk."

[[entries]]
name = "antfu-skills"
entry_type = "reference_source"
source = "https://github.com/antfu/skills"
source_ref = "S19"
scope = "reference_only"
decision = "reference_only"
enabled = false
implicit_invocation = false
review_status = "reference_only"
risk = "low"
allowed_scripts = "disabled"
commit = "TBD_PINNED_COMMIT"
negative_trigger_tests = "not_applicable"
notes = "Experienced developer skill style reference."

[[entries]]
name = "awesome-agent-skills"
entry_type = "reference_source"
source = "https://github.com/VoltAgent/awesome-agent-skills"
source_ref = "S20"
scope = "catalog_only"
decision = "catalog_only_no_bulk_install"
enabled = false
implicit_invocation = false
review_status = "reference_only"
risk = "medium"
allowed_scripts = "disabled"
commit = "TBD_PINNED_COMMIT"
negative_trigger_tests = "not_applicable"
notes = "Catalog only; never bulk install from this list."

[[entries]]
name = "matt-pocock-skills"
entry_type = "reference_source"
source = "https://github.com/mattpocock/skills"
source_ref = "S28"
scope = "reference_only"
decision = "reference_only"
enabled = false
implicit_invocation = false
review_status = "reference_only"
risk = "low"
allowed_scripts = "disabled"
commit = "TBD_PINNED_COMMIT"
negative_trigger_tests = "not_applicable"
notes = "Engineering skill style reference."

[[entries]]
name = "ai-assistant-workspace"
entry_type = "reference_source"
source = "https://github.com/karaage0703/ai-assistant-workspace"
source_ref = "S25"
scope = "reference_only"
decision = "reference_only"
enabled = false
implicit_invocation = false
review_status = "reference_only"
risk = "low"
allowed_scripts = "disabled"
commit = "TBD_PINNED_COMMIT"
negative_trigger_tests = "not_applicable"
notes = "Workspace layout reference; no direct research_x adoption."

[[entries]]
name = "ian-xiaohei-illustrations"
entry_type = "reference_source"
source = "https://github.com/helloianneo/ian-xiaohei-illustrations"
source_ref = "S26"
scope = "creative_optional"
decision = "not_research_x_core"
enabled = false
implicit_invocation = false
review_status = "pinned_license_checked"
risk = "low"
allowed_scripts = "disabled"
commit = "686575741a61e2c0be5e4c6d3615ebf6217dd322"
negative_trigger_tests = "not_applicable"
notes = "MIT license and v1.0.0 ref checked 2026-06-12; creative optional/reference only, not research_x evidence, and no image generation without gate."

[[entries]]
name = "headroom"
entry_type = "tool_candidate"
source = "https://github.com/chopratejas/headroom"
source_ref = "S08"
scope = "local_dependency_optional"
decision = "security_local_dependency_gate"
enabled = false
implicit_invocation = false
review_status = "blocked_pending_security_review"
risk = "medium"
allowed_scripts = "disabled"
commit = "TBD_PINNED_COMMIT"
negative_trigger_tests = "required_before_enable"
notes = "Context compression candidate; learn/auto-write behavior must be report-only first."

[[entries]]
name = "supermemory"
entry_type = "tool_candidate"
source = "https://github.com/supermemoryai/supermemory"
source_ref = "S09"
scope = "architecture_reference"
decision = "do_not_attach_by_default"
enabled = false
implicit_invocation = false
review_status = "blocked_pending_privacy_review"
risk = "high"
allowed_scripts = "disabled"
commit = "TBD_PINNED_COMMIT"
negative_trigger_tests = "required_before_enable"
notes = "Architecture reference only; no hosted/cross-project memory default."

[[entries]]
name = "agentmemory"
entry_type = "third_party_skill_candidate"
source = "https://github.com/rohitg00/agentmemory"
source_ref = "S32"
scope = "codex_memory_optional"
decision = "disabled_source_review_required"
enabled = false
implicit_invocation = false
review_status = "pinned_license_surface_checked"
risk = "high"
allowed_scripts = "disabled"
commit = "25158519d5d68b9060a97ba5bdcccc3e1aba6d79"
negative_trigger_tests = "required_before_enable"
notes = "Apache-2.0 v0.9.27 source checked 2026-06-22. GPT Pro raw/follow-up kept this as source-review priority only. Do not install or enable; hooks/MCP/plugin, auto-capture, retention/deletion/redaction, provider/key, local server, version-drift, and overlap risks must be resolved first."

[[entries]]
name = "searxng"
entry_type = "tool_candidate"
source = "https://docs.searxng.org/"
source_ref = "S24"
scope = "optional_local_discovery"
decision = "discovery_hint_only"
enabled = false
implicit_invocation = false
review_status = "blocked_pending_network_policy"
risk = "medium"
allowed_scripts = "disabled"
commit = ""
negative_trigger_tests = "required_before_enable"
notes = "Self-host discovery candidate; results are hints until fetched and cited."

[[entries]]
name = "serper"
entry_type = "provider_candidate"
source = "https://serper.dev"
source_ref = "S21"
scope = "provider_gate_only"
decision = "no_current_use"
enabled = false
implicit_invocation = false
review_status = "blocked_by_provider_freeze"
risk = "high"
allowed_scripts = "disabled"
commit = ""
negative_trigger_tests = "required_before_enable"
notes = "Quota/API provider; blocked while no-quota freeze is active."

[[entries]]
name = "webshare"
entry_type = "rejected_source"
source = "https://www.webshare.io/"
source_ref = "S24"
scope = "rejected_default"
decision = "reject_default"
enabled = false
implicit_invocation = false
review_status = "rejected"
risk = "high"
allowed_scripts = "disabled"
commit = ""
negative_trigger_tests = "not_applicable"
notes = "Proxy scraping risk: ToS, rate, legal, privacy, and account-safety review required."

[[entries]]
name = "chatgpt-backend-api"
entry_type = "rejected_source"
source = "https://help.openai.com/en/articles/7260999-how-do-i-export-my-chatgpt-history-and-data"
source_ref = "S22"
scope = "rejected_default"
decision = "reject_unofficial_backend_use_official_export_only"
enabled = false
implicit_invocation = false
review_status = "rejected"
risk = "high"
allowed_scripts = "disabled"
commit = ""
negative_trigger_tests = "not_applicable"
notes = "Unofficial backend API rejected; official export data is the safer import path."

[[entries]]
name = "gpt-backend-api"
entry_type = "rejected_source"
source = "official_openai_docs_checked_instead"
source_ref = "S23"
scope = "rejected_default"
decision = "reject_unofficial_backend_api"
enabled = false
implicit_invocation = false
review_status = "rejected"
risk = "high"
allowed_scripts = "disabled"
commit = ""
negative_trigger_tests = "not_applicable"
notes = "No direct use; official API/provider surfaces only after explicit permission."
